
Microsoft Visual Studio Solution File, Format Version 12.00
# Visual Studio 2012
Project("{FAE04EC0-301F-11D3-BF4B-00C04F79EFBC}") = "SkySimulator", "SkySimulator\SkySimulator.csproj", "{ACAE3BA0-E643-4531-917C-947A81D35649}"
EndProject
Global
	GlobalSection(SolutionConfigurationPlatforms) = preSolution
		Debug|Any CPU = Debug|Any CPU
		Release|Any CPU = Release|Any CPU
	EndGlobalSection
	GlobalSection(ProjectConfigurationPlatforms) = postSolution
		{ACAE3BA0-E643-4531-917C-947A81D35649}.Debug|Any CPU.ActiveCfg = Debug|Any CPU
		{ACAE3BA0-E643-4531-917C-947A81D35649}.Debug|Any CPU.Build.0 = Debug|Any CPU
		{ACAE3BA0-E643-4531-917C-947A81D35649}.Release|Any CPU.ActiveCfg = Release|Any CPU
		{ACAE3BA0-E643-4531-917C-947A81D35649}.Release|Any CPU.Build.0 = Release|Any CPU
	EndGlobalSection
	GlobalSection(SolutionProperties) = preSolution
		HideSolutionNode = FALSE
	EndGlobalSection
EndGlobal
